
Microsoft Visual Studio Solution File, Format Version 12.00
# Visual Studio 15
VisualStudioVersion = 15.0.27130.2027
MinimumVisualStudioVersion = 10.0.40219.1
Project("{FAE04EC0-301F-11D3-BF4B-00C04F79EFBC}") = "IloopActiviyTransferVS_Net", "IloopActiviyTransferVS_Net\IloopActiviyTransferVS_Net.csproj", "{65B64195-78BC-4B52-BA83-0EB8AD0833B7}"
EndProject
Global
	GlobalSection(SolutionConfigurationPlatforms) = preSolution
		Debug|Any CPU = Debug|Any CPU
		Release|Any CPU = Release|Any CPU
	EndGlobalSection
	GlobalSection(ProjectConfigurationPlatforms) = postSolution
		{65B64195-78BC-4B52-BA83-0EB8AD0833B7}.Debug|Any CPU.ActiveCfg = Debug|Any CPU
		{65B64195-78BC-4B52-BA83-0EB8AD0833B7}.Debug|Any CPU.Build.0 = Debug|Any CPU
		{65B64195-78BC-4B52-BA83-0EB8AD0833B7}.Release|Any CPU.ActiveCfg = Release|Any CPU
		{65B64195-78BC-4B52-BA83-0EB8AD0833B7}.Release|Any CPU.Build.0 = Release|Any CPU
	EndGlobalSection
	GlobalSection(SolutionProperties) = preSolution
		HideSolutionNode = FALSE
	EndGlobalSection
	GlobalSection(ExtensibilityGlobals) = postSolution
		SolutionGuid = {134805DF-81E3-449B-A27D-1BE3D2A4661B}
	EndGlobalSection
EndGlobal
